
Microsoft Visual Studio Solution File, Format Version 12.00
# Visual Studio Version 16
VisualStudioVersion = 25.0.1704.0
MinimumVisualStudioVersion = 10.0.40219.1
Project("{FAE04EC0-301F-11D3-BF4B-00C04F79EFBC}") = "Exceptions_HW", "Exceptions_HW\Exceptions_HW.csproj", "{CCF4BA3A-BF17-4139-AA5F-9D6BDDDE9B0A}"
EndProject
Project("{FAE04EC0-301F-11D3-BF4B-00C04F79EFBC}") = "Domain", "Domain\Domain.csproj", "{CCC35AAE-B298-4192-B092-5DAD7B4D5851}"
EndProject
Project("{FAE04EC0-301F-11D3-BF4B-00C04F79EFBC}") = "Service", "Service\Service.csproj", "{69BD6230-5A1F-4BEA-9071-BE28EDA90A04}"
EndProject
Global
	GlobalSection(SolutionConfigurationPlatforms) = preSolution
		Debug|Any CPU = Debug|Any CPU
		Release|Any CPU = Release|Any CPU
	EndGlobalSection
	GlobalSection(ProjectConfigurationPlatforms) = postSolution
		{CCF4BA3A-BF17-4139-AA5F-9D6BDDDE9B0A}.Debug|Any CPU.ActiveCfg = Debug|Any CPU
		{CCF4BA3A-BF17-4139-AA5F-9D6BDDDE9B0A}.Debug|Any CPU.Build.0 = Debug|Any CPU
		{CCF4BA3A-BF17-4139-AA5F-9D6BDDDE9B0A}.Release|Any CPU.ActiveCfg = Release|Any CPU
		{CCF4BA3A-BF17-4139-AA5F-9D6BDDDE9B0A}.Release|Any CPU.Build.0 = Release|Any CPU
		{CCC35AAE-B298-4192-B092-5DAD7B4D5851}.Debug|Any CPU.ActiveCfg = Debug|Any CPU
		{CCC35AAE-B298-4192-B092-5DAD7B4D5851}.Debug|Any CPU.Build.0 = Debug|Any CPU
		{CCC35AAE-B298-4192-B092-5DAD7B4D5851}.Release|Any CPU.ActiveCfg = Release|Any CPU
		{CCC35AAE-B298-4192-B092-5DAD7B4D5851}.Release|Any CPU.Build.0 = Release|Any CPU
		{69BD6230-5A1F-4BEA-9071-BE28EDA90A04}.Debug|Any CPU.ActiveCfg = Debug|Any CPU
		{69BD6230-5A1F-4BEA-9071-BE28EDA90A04}.Debug|Any CPU.Build.0 = Debug|Any CPU
		{69BD6230-5A1F-4BEA-9071-BE28EDA90A04}.Release|Any CPU.ActiveCfg = Release|Any CPU
		{69BD6230-5A1F-4BEA-9071-BE28EDA90A04}.Release|Any CPU.Build.0 = Release|Any CPU
	EndGlobalSection
	GlobalSection(SolutionProperties) = preSolution
		HideSolutionNode = FALSE
	EndGlobalSection
	GlobalSection(ExtensibilityGlobals) = postSolution
		SolutionGuid = {6C875F99-F83B-4A3F-980C-38C01298EDE4}
	EndGlobalSection
EndGlobal
